
Microsoft Visual Studio Solution File, Format Version 12.00
# Visual Studio 2013
VisualStudioVersion = 12.0.31101.0
MinimumVisualStudioVersion = 10.0.40219.1
Project("{FAE04EC0-301F-11D3-BF4B-00C04F79EFBC}") = "Problem01_03", "Problem01_03\Problem01_03.csproj", "{F28498D0-02D0-4705-B13D-657AC19BF82B}"
EndProject
Project("{FAE04EC0-301F-11D3-BF4B-00C04F79EFBC}") = "Problem04", "Problem04\Problem04.csproj", "{A893E938-42C2-463F-B1D6-7DF2AD4E8B16}"
EndProject
Project("{FAE04EC0-301F-11D3-BF4B-00C04F79EFBC}") = "Problem05", "Problem05\Problem05.csproj", "{3C601ADE-177D-4C3F-B4E0-7F2377C95AB9}"
EndProject
Project("{FAE04EC0-301F-11D3-BF4B-00C04F79EFBC}") = "Problem06", "Problem06\Problem06.csproj", "{1FC0A242-0DDA-4D8B-BCC2-6A9FAA8163AD}"
EndProject
Global
	GlobalSection(SolutionConfigurationPlatforms) = preSolution
		Debug|Any CPU = Debug|Any CPU
		Release|Any CPU = Release|Any CPU
	EndGlobalSection
	GlobalSection(ProjectConfigurationPlatforms) = postSolution
		{F28498D0-02D0-4705-B13D-657AC19BF82B}.Debug|Any CPU.ActiveCfg = Debug|Any CPU
		{F28498D0-02D0-4705-B13D-657AC19BF82B}.Debug|Any CPU.Build.0 = Debug|Any CPU
		{F28498D0-02D0-4705-B13D-657AC19BF82B}.Release|Any CPU.ActiveCfg = Release|Any CPU
		{F28498D0-02D0-4705-B13D-657AC19BF82B}.Release|Any CPU.Build.0 = Release|Any CPU
		{A893E938-42C2-463F-B1D6-7DF2AD4E8B16}.Debug|Any CPU.ActiveCfg = Debug|Any CPU
		{A893E938-42C2-463F-B1D6-7DF2AD4E8B16}.Debug|Any CPU.Build.0 = Debug|Any CPU
		{A893E938-42C2-463F-B1D6-7DF2AD4E8B16}.Release|Any CPU.ActiveCfg = Release|Any CPU
		{A893E938-42C2-463F-B1D6-7DF2AD4E8B16}.Release|Any CPU.Build.0 = Release|Any CPU
		{3C601ADE-177D-4C3F-B4E0-7F2377C95AB9}.Debug|Any CPU.ActiveCfg = Debug|Any CPU
		{3C601ADE-177D-4C3F-B4E0-7F2377C95AB9}.Debug|Any CPU.Build.0 = Debug|Any CPU
		{3C601ADE-177D-4C3F-B4E0-7F2377C95AB9}.Release|Any CPU.ActiveCfg = Release|Any CPU
		{3C601ADE-177D-4C3F-B4E0-7F2377C95AB9}.Release|Any CPU.Build.0 = Release|Any CPU
		{1FC0A242-0DDA-4D8B-BCC2-6A9FAA8163AD}.Debug|Any CPU.ActiveCfg = Debug|Any CPU
		{1FC0A242-0DDA-4D8B-BCC2-6A9FAA8163AD}.Debug|Any CPU.Build.0 = Debug|Any CPU
		{1FC0A242-0DDA-4D8B-BCC2-6A9FAA8163AD}.Release|Any CPU.ActiveCfg = Release|Any CPU
		{1FC0A242-0DDA-4D8B-BCC2-6A9FAA8163AD}.Release|Any CPU.Build.0 = Release|Any CPU
	EndGlobalSection
	GlobalSection(SolutionProperties) = preSolution
		HideSolutionNode = FALSE
	EndGlobalSection
EndGlobal
